
Microsoft Visual Studio Solution File, Format Version 12.00
# Visual Studio 15
VisualStudioVersion = 15.0.28307.271
MinimumVisualStudioVersion = 10.0.40219.1
Project("{FAE04EC0-301F-11D3-BF4B-00C04F79EFBC}") = "UdemyCourse.Android", "UdemyCourse\UdemyCourse.Android\UdemyCourse.Android.csproj", "{2A05B6C7-90B3-495A-97A8-7998F771DBA8}"
EndProject
Project("{FAE04EC0-301F-11D3-BF4B-00C04F79EFBC}") = "UdemyCourse.iOS", "UdemyCourse\UdemyCourse.iOS\UdemyCourse.iOS.csproj", "{1CC6EBFD-80C0-456D-A813-94BA7A407727}"
EndProject
Project("{FAE04EC0-301F-11D3-BF4B-00C04F79EFBC}") = "UdemyCourse", "UdemyCourse\UdemyCourse\UdemyCourse.csproj", "{12DE9CCE-6556-4293-B6AC-587FDEF3C7AF}"
EndProject
Global
	GlobalSection(SolutionConfigurationPlatforms) = preSolution
		Ad-Hoc|Any CPU = Ad-Hoc|Any CPU
		Ad-Hoc|iPhone = Ad-Hoc|iPhone
		Ad-Hoc|iPhoneSimulator = Ad-Hoc|iPhoneSimulator
		AppStore|Any CPU = AppStore|Any CPU
		AppStore|iPhone = AppStore|iPhone
		AppStore|iPhoneSimulator = AppStore|iPhoneSimulator
		Debug|Any CPU = Debug|Any CPU
		Debug|iPhone = Debug|iPhone
		Debug|iPhoneSimulator = Debug|iPhoneSimulator
		Release|Any CPU = Release|Any CPU
		Release|iPhone = Release|iPhone
		Release|iPhoneSimulator = Release|iPhoneSimulator
	EndGlobalSection
	GlobalSection(ProjectConfigurationPlatforms) = postSolution
		{2A05B6C7-90B3-495A-97A8-7998F771DBA8}.Ad-Hoc|Any CPU.ActiveCfg = Release|Any CPU
		{2A05B6C7-90B3-495A-97A8-7998F771DBA8}.Ad-Hoc|Any CPU.Build.0 = Release|Any CPU
		{2A05B6C7-90B3-495A-97A8-7998F771DBA8}.Ad-Hoc|Any CPU.Deploy.0 = Release|Any CPU
		{2A05B6C7-90B3-495A-97A8-7998F771DBA8}.Ad-Hoc|iPhone.ActiveCfg = Release|Any CPU
		{2A05B6C7-90B3-495A-97A8-7998F771DBA8}.Ad-Hoc|iPhone.Build.0 = Release|Any CPU
		{2A05B6C7-90B3-495A-97A8-7998F771DBA8}.Ad-Hoc|iPhone.Deploy.0 = Release|Any CPU
		{2A05B6C7-90B3-495A-97A8-7998F771DBA8}.Ad-Hoc|iPhoneSimulator.ActiveCfg = Release|Any CPU
		{2A05B6C7-90B3-495A-97A8-7998F771DBA8}.Ad-Hoc|iPhoneSimulator.Build.0 = Release|Any CPU
		{2A05B6C7-90B3-495A-97A8-7998F771DBA8}.Ad-Hoc|iPhoneSimulator.Deploy.0 = Release|Any CPU
		{2A05B6C7-90B3-495A-97A8-7998F771DBA8}.AppStore|Any CPU.ActiveCfg = Release|Any CPU
		{2A05B6C7-90B3-495A-97A8-7998F771DBA8}.AppStore|Any CPU.Build.0 = Release|Any CPU
		{2A05B6C7-90B3-495A-97A8-7998F771DBA8}.AppStore|Any CPU.Deploy.0 = Release|Any CPU
		{2A05B6C7-90B3-495A-97A8-7998F771DBA8}.AppStore|iPhone.ActiveCfg = Release|Any CPU
		{2A05B6C7-90B3-495A-97A8-7998F771DBA8}.AppStore|iPhone.Build.0 = Release|Any CPU
		{2A05B6C7-90B3-495A-97A8-7998F771DBA8}.AppStore|iPhone.Deploy.0 = Release|Any CPU
		{2A05B6C7-90B3-495A-97A8-7998F771DBA8}.AppStore|iPhoneSimulator.ActiveCfg = Release|Any CPU
		{2A05B6C7-90B3-495A-97A8-7998F771DBA8}.AppStore|iPhoneSimulator.Build.0 = Release|Any CPU
		{2A05B6C7-90B3-495A-97A8-7998F771DBA8}.AppStore|iPhoneSimulator.Deploy.0 = Release|Any CPU
		{2A05B6C7-90B3-495A-97A8-7998F771DBA8}.Debug|Any CPU.ActiveCfg = Debug|Any CPU
		{2A05B6C7-90B3-495A-97A8-7998F771DBA8}.Debug|Any CPU.Build.0 = Debug|Any CPU
		{2A05B6C7-90B3-495A-97A8-7998F771DBA8}.Debug|Any CPU.Deploy.0 = Debug|Any CPU
		{2A05B6C7-90B3-495A-97A8-7998F771DBA8}.Debug|iPhone.ActiveCfg = Debug|Any CPU
		{2A05B6C7-90B3-495A-97A8-7998F771DBA8}.Debug|iPhone.Build.0 = Debug|Any CPU
		{2A05B6C7-90B3-495A-97A8-7998F771DBA8}.Debug|iPhone.Deploy.0 = Debug|Any CPU
		{2A05B6C7-90B3-495A-97A8-7998F771DBA8}.Debug|iPhoneSimulator.ActiveCfg = Debug|Any CPU
		{2A05B6C7-90B3-495A-97A8-7998F771DBA8}.Debug|iPhoneSimulator.Build.0 = Debug|Any CPU
		{2A05B6C7-90B3-495A-97A8-7998F771DBA8}.Debug|iPhoneSimulator.Deploy.0 = Debug|Any CPU
		{2A05B6C7-90B3-495A-97A8-7998F771DBA8}.Release|Any CPU.ActiveCfg = Release|Any CPU
		{2A05B6C7-90B3-495A-97A8-7998F771DBA8}.Release|Any CPU.Build.0 = Release|Any CPU
		{2A05B6C7-90B3-495A-97A8-7998F771DBA8}.Release|Any CPU.Deploy.0 = Release|Any CPU
		{2A05B6C7-90B3-495A-97A8-7998F771DBA8}.Release|iPhone.ActiveCfg = Release|Any CPU
		{2A05B6C7-90B3-495A-97A8-7998F771DBA8}.Release|iPhone.Build.0 = Release|Any CPU
		{2A05B6C7-90B3-495A-97A8-7998F771DBA8}.Release|iPhone.Deploy.0 = Release|Any CPU
		{2A05B6C7-90B3-495A-97A8-7998F771DBA8}.Release|iPhoneSimulator.ActiveCfg = Release|Any CPU
		{2A05B6C7-90B3-495A-97A8-7998F771DBA8}.Release|iPhoneSimulator.Build.0 = Release|Any CPU
		{2A05B6C7-90B3-495A-97A8-7998F771DBA8}.Release|iPhoneSimulator.Deploy.0 = Release|Any CPU
		{1CC6EBFD-80C0-456D-A813-94BA7A407727}.Ad-Hoc|Any CPU.ActiveCfg = Ad-Hoc|iPhone
		{1CC6EBFD-80C0-456D-A813-94BA7A407727}.Ad-Hoc|Any CPU.Build.0 = Ad-Hoc|iPhone
		{1CC6EBFD-80C0-456D-A813-94BA7A407727}.Ad-Hoc|Any CPU.Deploy.0 = Ad-Hoc|iPhone
		{1CC6EBFD-80C0-456D-A813-94BA7A407727}.Ad-Hoc|iPhone.ActiveCfg = Ad-Hoc|iPhone
		{1CC6EBFD-80C0-456D-A813-94BA7A407727}.Ad-Hoc|iPhone.Build.0 = Ad-Hoc|iPhone
		{1CC6EBFD-80C0-456D-A813-94BA7A407727}.Ad-Hoc|iPhone.Deploy.0 = Ad-Hoc|iPhone
		{1CC6EBFD-80C0-456D-A813-94BA7A407727}.Ad-Hoc|iPhoneSimulator.ActiveCfg = Ad-Hoc|iPhoneSimulator
		{1CC6EBFD-80C0-456D-A813-94BA7A407727}.Ad-Hoc|iPhoneSimulator.Build.0 = Ad-Hoc|iPhoneSimulator
		{1CC6EBFD-80C0-456D-A813-94BA7A407727}.Ad-Hoc|iPhoneSimulator.Deploy.0 = Ad-Hoc|iPhoneSimulator
		{1CC6EBFD-80C0-456D-A813-94BA7A407727}.AppStore|Any CPU.ActiveCfg = AppStore|iPhone
		{1CC6EBFD-80C0-456D-A813-94BA7A407727}.AppStore|Any CPU.Build.0 = AppStore|iPhone
		{1CC6EBFD-80C0-456D-A813-94BA7A407727}.AppStore|Any CPU.Deploy.0 = AppStore|iPhone
		{1CC6EBFD-80C0-456D-A813-94BA7A407727}.AppStore|iPhone.ActiveCfg = AppStore|iPhone
		{1CC6EBFD-80C0-456D-A813-94BA7A407727}.AppStore|iPhone.Build.0 = AppStore|iPhone
		{1CC6EBFD-80C0-456D-A813-94BA7A407727}.AppStore|iPhone.Deploy.0 = AppStore|iPhone
		{1CC6EBFD-80C0-456D-A813-94BA7A407727}.AppStore|iPhoneSimulator.ActiveCfg = AppStore|iPhoneSimulator
		{1CC6EBFD-80C0-456D-A813-94BA7A407727}.AppStore|iPhoneSimulator.Build.0 = AppStore|iPhoneSimulator
		{1CC6EBFD-80C0-456D-A813-94BA7A407727}.AppStore|iPhoneSimulator.Deploy.0 = AppStore|iPhoneSimulator
		{1CC6EBFD-80C0-456D-A813-94BA7A407727}.Debug|Any CPU.ActiveCfg = Debug|iPhoneSimulator
		{1CC6EBFD-80C0-456D-A813-94BA7A407727}.Debug|Any CPU.Build.0 = Debug|iPhoneSimulator
		{1CC6EBFD-80C0-456D-A813-94BA7A407727}.Debug|Any CPU.Deploy.0 = Debug|iPhoneSimulator
		{1CC6EBFD-80C0-456D-A813-94BA7A407727}.Debug|iPhone.ActiveCfg = Debug|iPhone
		{1CC6EBFD-80C0-456D-A813-94BA7A407727}.Debug|iPhone.Build.0 = Debug|iPhone
		{1CC6EBFD-80C0-456D-A813-94BA7A407727}.Debug|iPhone.Deploy.0 = Debug|iPhone
		{1CC6EBFD-80C0-456D-A813-94BA7A407727}.Debug|iPhoneSimulator.ActiveCfg = Debug|iPhoneSimulator
		{1CC6EBFD-80C0-456D-A813-94BA7A407727}.Debug|iPhoneSimulator.Build.0 = Debug|iPhoneSimulator
		{1CC6EBFD-80C0-456D-A813-94BA7A407727}.Debug|iPhoneSimulator.Deploy.0 = Debug|iPhoneSimulator
		{1CC6EBFD-80C0-456D-A813-94BA7A407727}.Release|Any CPU.ActiveCfg = Release|iPhone
		{1CC6EBFD-80C0-456D-A813-94BA7A407727}.Release|Any CPU.Build.0 = Release|iPhone
		{1CC6EBFD-80C0-456D-A813-94BA7A407727}.Release|Any CPU.Deploy.0 = Release|iPhone
		{1CC6EBFD-80C0-456D-A813-94BA7A407727}.Release|iPhone.ActiveCfg = Release|iPhone
		{1CC6EBFD-80C0-456D-A813-94BA7A407727}.Release|iPhone.Build.0 = Release|iPhone
		{1CC6EBFD-80C0-456D-A813-94BA7A407727}.Release|iPhone.Deploy.0 = Release|iPhone
		{1CC6EBFD-80C0-456D-A813-94BA7A407727}.Release|iPhoneSimulator.ActiveCfg = Release|iPhoneSimulator
		{1CC6EBFD-80C0-456D-A813-94BA7A407727}.Release|iPhoneSimulator.Build.0 = Release|iPhoneSimulator
		{1CC6EBFD-80C0-456D-A813-94BA7A407727}.Release|iPhoneSimulator.Deploy.0 = Release|iPhoneSimulator
		{12DE9CCE-6556-4293-B6AC-587FDEF3C7AF}.Ad-Hoc|Any CPU.ActiveCfg = Debug|Any CPU
		{12DE9CCE-6556-4293-B6AC-587FDEF3C7AF}.Ad-Hoc|Any CPU.Build.0 = Debug|Any CPU
		{12DE9CCE-6556-4293-B6AC-587FDEF3C7AF}.Ad-Hoc|Any CPU.Deploy.0 = Debug|Any CPU
		{12DE9CCE-6556-4293-B6AC-587FDEF3C7AF}.Ad-Hoc|iPhone.ActiveCfg = Debug|Any CPU
		{12DE9CCE-6556-4293-B6AC-587FDEF3C7AF}.Ad-Hoc|iPhone.Build.0 = Debug|Any CPU
		{12DE9CCE-6556-4293-B6AC-587FDEF3C7AF}.Ad-Hoc|iPhone.Deploy.0 = Debug|Any CPU
		{12DE9CCE-6556-4293-B6AC-587FDEF3C7AF}.Ad-Hoc|iPhoneSimulator.ActiveCfg = Debug|Any CPU
		{12DE9CCE-6556-4293-B6AC-587FDEF3C7AF}.Ad-Hoc|iPhoneSimulator.Build.0 = Debug|Any CPU
		{12DE9CCE-6556-4293-B6AC-587FDEF3C7AF}.Ad-Hoc|iPhoneSimulator.Deploy.0 = Debug|Any CPU
		{12DE9CCE-6556-4293-B6AC-587FDEF3C7AF}.AppStore|Any CPU.ActiveCfg = Debug|Any CPU
		{12DE9CCE-6556-4293-B6AC-587FDEF3C7AF}.AppStore|Any CPU.Build.0 = Debug|Any CPU
		{12DE9CCE-6556-4293-B6AC-587FDEF3C7AF}.AppStore|Any CPU.Deploy.0 = Debug|Any CPU
		{12DE9CCE-6556-4293-B6AC-587FDEF3C7AF}.AppStore|iPhone.ActiveCfg = Debug|Any CPU
		{12DE9CCE-6556-4293-B6AC-587FDEF3C7AF}.AppStore|iPhone.Build.0 = Debug|Any CPU
		{12DE9CCE-6556-4293-B6AC-587FDEF3C7AF}.AppStore|iPhone.Deploy.0 = Debug|Any CPU
		{12DE9CCE-6556-4293-B6AC-587FDEF3C7AF}.AppStore|iPhoneSimulator.ActiveCfg = Debug|Any CPU
		{12DE9CCE-6556-4293-B6AC-587FDEF3C7AF}.AppStore|iPhoneSimulator.Build.0 = Debug|Any CPU
		{12DE9CCE-6556-4293-B6AC-587FDEF3C7AF}.AppStore|iPhoneSimulator.Deploy.0 = Debug|Any CPU
		{12DE9CCE-6556-4293-B6AC-587FDEF3C7AF}.Debug|Any CPU.ActiveCfg = Debug|Any CPU
		{12DE9CCE-6556-4293-B6AC-587FDEF3C7AF}.Debug|Any CPU.Build.0 = Debug|Any CPU
		{12DE9CCE-6556-4293-B6AC-587FDEF3C7AF}.Debug|Any CPU.Deploy.0 = Debug|Any CPU
		{12DE9CCE-6556-4293-B6AC-587FDEF3C7AF}.Debug|iPhone.ActiveCfg = Debug|Any CPU
		{12DE9CCE-6556-4293-B6AC-587FDEF3C7AF}.Debug|iPhone.Build.0 = Debug|Any CPU
		{12DE9CCE-6556-4293-B6AC-587FDEF3C7AF}.Debug|iPhone.Deploy.0 = Debug|Any CPU
		{12DE9CCE-6556-4293-B6AC-587FDEF3C7AF}.Debug|iPhoneSimulator.ActiveCfg = Debug|Any CPU
		{12DE9CCE-6556-4293-B6AC-587FDEF3C7AF}.Debug|iPhoneSimulator.Build.0 = Debug|Any CPU
		{12DE9CCE-6556-4293-B6AC-587FDEF3C7AF}.Debug|iPhoneSimulator.Deploy.0 = Debug|Any CPU
		{12DE9CCE-6556-4293-B6AC-587FDEF3C7AF}.Release|Any CPU.ActiveCfg = Release|Any CPU
		{12DE9CCE-6556-4293-B6AC-587FDEF3C7AF}.Release|Any CPU.Build.0 = Release|Any CPU
		{12DE9CCE-6556-4293-B6AC-587FDEF3C7AF}.Release|Any CPU.Deploy.0 = Release|Any CPU
		{12DE9CCE-6556-4293-B6AC-587FDEF3C7AF}.Release|iPhone.ActiveCfg = Release|Any CPU
		{12DE9CCE-6556-4293-B6AC-587FDEF3C7AF}.Release|iPhone.Build.0 = Release|Any CPU
		{12DE9CCE-6556-4293-B6AC-587FDEF3C7AF}.Release|iPhone.Deploy.0 = Release|Any CPU
		{12DE9CCE-6556-4293-B6AC-587FDEF3C7AF}.Release|iPhoneSimulator.ActiveCfg = Release|Any CPU
		{12DE9CCE-6556-4293-B6AC-587FDEF3C7AF}.Release|iPhoneSimulator.Build.0 = Release|Any CPU
		{12DE9CCE-6556-4293-B6AC-587FDEF3C7AF}.Release|iPhoneSimulator.Deploy.0 = Release|Any CPU
	EndGlobalSection
	GlobalSection(SolutionProperties) = preSolution
		HideSolutionNode = FALSE
	EndGlobalSection
	GlobalSection(ExtensibilityGlobals) = postSolution
		SolutionGuid = {9FA92EC2-B1F5-4283-8B71-B118F9924C2F}
	EndGlobalSection
EndGlobal
